github.com/aws/aws-sdk-go-v2 v1.41.6 h1:1AX0AthnBQzMx1vbmir3Y4WsnJgiydmnJjiLu+LvXOg=
github.com/aws/aws-sdk-go-v2 v1.41.6/go.mod h1:dy0UzBIfwSeot4grGvY1AqFWN5zgziMmWGzysDnHFcQ=
github.com/aws/aws-sdk-go-v2/aws/protocol/eventstream v1.7.9 h1:adBsCIIpLbLmYnkQU+nAChU5yhVTvu5PerROm+/Kq2A=
github.com/aws/aws-sdk-go-v2/aws/protocol/eventstream v1.7.9/go.mod h1:uOYhgfgThm/ZyAuJGNQ5YgNyOlYfqnGpTHXvk3cpykg=
github.com/aws/aws-sdk-go-v2/config v1.27.19 h1:+DBS8gJP6VsxYkZ6UEV0/VsRM2rYpbQCYsosW9RRmeQ=
github.com/aws/aws-sdk-go-v2/config v1.27.19/go.mod h1:KzZcioJWzy9oV+oS5CobYXlDtU9+eW7bPG1g7gizTW4=
github.com/aws/aws-sdk-go-v2/credentials v1.17.19 h1:R18G7nBBGLby51CFEqUBFF2IVl7LUdCtYj6iosUwh/0=
github.com/aws/aws-sdk-go-v2/credentials v1.17.19/go.mod h1:xr9kUMnaLTB866HItT6pg58JgiBP77fSQLBwIa//zk8=
github.com/aws/aws-sdk-go-v2/feature/ec2/imds v1.16.6 h1:vVOuhRyslJ6T/HteG71ZWCTas1q2w6f0NKsNbkXHs/A=
github.com/aws/aws-sdk-go-v2/feature/ec2/imds v1.16.6/go.mod h1:jimWaqLiT0sJGLh51dKCLLtExRYPtMU7MpxuCgtbkxg=
github.com/aws/aws-sdk-go-v2/internal/configsources v1.4.22 h1:GmLa5Kw1ESqtFpXsx5MmC84QWa/ZrLZvlJGa2y+4kcQ=
github.com/aws/aws-sdk-go-v2/internal/configsources v1.4.22/go.mod h1:6sW9iWm9DK9YRpRGga/qzrzNLgKpT2cIxb7Vo2eNOp0=
github.com/aws/aws-sdk-go-v2/internal/endpoints/v2 v2.7.22 h1:dY4kWZiSaXIzxnKlj17nHnBcXXBfac6UlsAx2qL6XrU=
github.com/aws/aws-sdk-go-v2/internal/endpoints/v2 v2.7.22/go.mod h1:KIpEUx0JuRZLO7U6cbV204cWAEco2iC3l061IxlwLtI=
github.com/aws/aws-sdk-go-v2/internal/ini v1.8.1 h1:VaRN3TlFdd6KxX1x3ILT5ynH6HvKgqdiXoTxAF4HQcQ=
github.com/aws/aws-sdk-go-v2/internal/ini v1.8.1/go.mod h1:FbtygfRFze9usAadmnGJNc8KsP346kEe+y2/oyhGAGc=
github.com/aws/aws-sdk-go-v2/internal/v4a v1.3.5 h1:81KE7vaZzrl7yHBYHVEzYB8sypz11NMOZ40YlWvPxsU=
github.com/aws/aws-sdk-go-v2/internal/v4a v1.3.5/go.mod h1:LIt2rg7Mcgn09Ygbdh/RdIm0rQ+3BNkbP1gyVMFtRK0=
github.com/aws/aws-sdk-go-v2/service/internal/accept-encoding v1.13.8 h1:HtOTYcbVcGABLOVuPYaIihj6IlkqubBwFj10K5fxRek=
github.com/aws/aws-sdk-go-v2/service/internal/accept-encoding v1.13.8/go.mod h1:VsK9abqQeGlzPgUr+isNWzPlK2vKe9INMLWnY65f5Xs=
github.com/aws/aws-sdk-go-v2/service/internal/checksum v1.3.7 h1:ZMeFZ5yk+Ek+jNr1+uwCd2tG89t6oTS5yVWpa6yy2es=
github.com/aws/aws-sdk-go-v2/service/internal/checksum v1.3.7/go.mod h1:mxV05U+4JiHqIpGqqYXOHLPKUC6bDXC44bsUhNjOEwY=
github.com/aws/aws-sdk-go-v2/service/internal/presigned-url v1.13.22 h1:PUmZeJU6Y1Lbvt9WFuJ0ugUK2xn6hIWUBBbKuOWF30s=
github.com/aws/aws-sdk-go-v2/service/internal/presigned-url v1.13.22/go.mod h1:nO6egFBoAaoXze24a2C0NjQCvdpk8OueRoYimvEB9jo=
github.com/aws/aws-sdk-go-v2/service/internal/s3shared v1.17.5 h1:f9RyWNtS8oH7cZlbn+/JNPpjUk5+5fLd5lM9M0i49Ys=
github.com/aws/aws-sdk-go-v2/service/internal/s3shared v1.17.5/go.mod h1:h5CoMZV2VF297/VLhRhO1WF+XYWOzXo+4HsObA4HjBQ=
github.com/aws/aws-sdk-go-v2/service/polly v1.57.2 h1:im0TRr0Zi7sZBrxiJK3AgPGs8rt3YeGRV8AyaceTnV0=
github.com/aws/aws-sdk-go-v2/service/polly v1.57.2/go.mod h1:stxMHS2KMVtEgHK8BesFergg1sET4NVYA2EzaW3ORzE=
github.com/aws/aws-sdk-go-v2/service/s3 v1.53.2 h1:rq2hglTQM3yHZvOPVMtNvLS5x6hijx7JvRDgKiTNDGQ=
github.com/aws/aws-sdk-go-v2/service/s3 v1.53.2/go.mod h1:qmdkIIAC+GCLASF7R2whgNrJADz0QZPX+Seiw/i4S3o=
github.com/aws/aws-sdk-go-v2/service/sso v1.20.12 h1:FsYii6U+2k8ynYBo+pywlCBY9HNAFRh+iICRHbn+Qyw=
github.com/aws/aws-sdk-go-v2/service/sso v1.20.12/go.mod h1:j9Rps+Lcs2A0tYypWsNBeJOjgsIYUf1Styppo9Es0Wo=
github.com/aws/aws-sdk-go-v2/service/ssooidc v1.24.6 h1:lEE+xEcq3lh9bk362tgErP1+n689q5ERdmTwmF1XT3M=
github.com/aws/aws-sdk-go-v2/service/ssooidc v1.24.6/go.mod h1:2tR0x1DCL5IgnVZ1NQNFDNg5/XL/kiQgWI5l7I/N5Js=
github.com/aws/aws-sdk-go-v2/service/sts v1.28.13 h1:TSzmuUeruVJ4XWYp3bYzKCXue70ECpJWmbP3UfEvhYY=
github.com/aws/aws-sdk-go-v2/service/sts v1.28.13/go.mod h1:FppRtFjBA9mSWTj2cIAWCP66+bbBPMuPpBfWRXC5Yi0=
github.com/aws/aws-sdk-go-v2/service/transcribe v1.37.7 h1:+9N6bv/YwJzgvy+slxrbEnBvh1D3alQkDIOLEYIyQ1c=
github.com/aws/aws-sdk-go-v2/service/transcribe v1.37.7/go.mod h1:vykPVsQkR6rTOn6Cr0h+94BivG21MKz9pP7w4jRV7AM=
github.com/aws/smithy-go v1.25.0 h1:Sz/XJ64rwuiKtB6j98nDIPyYrV1nVNJ4YU74gttcl5U=
github.com/aws/smithy-go v1.25.0/go.mod h1:YE2RhdIuDbA5E5bTdciG9KrW3+TiEONeUWCqxX9i1Fc=
github.com/lib/pq v1.10.9 h1:YXG7RB+JIjhP29X+OtkiDnYaXQwpS4JEWq7dtCCRUEw=
github.com/lib/pq v1.10.9/go.mod h1:AlVN5x4E4T544tWzH6hKfbfQvm3HdbOxrmggDNAPY9o=
golang.org/x/crypto v0.26.0 h1:RrRspgV4mU+YwB4FYnuBoKsUapNIL5cohGAmSH3azsw=
golang.org/x/crypto v0.26.0/go.mod h1:GY7jblb9wI+FOo5y8/S2oY4zWP07AkOJ4+jxCqdqn54=
golang.org/x/crypto v0.35.0 h1:b15kiHdrGCHrP6LvwaQ3c03kgNhhiMgvlhxHQhmg2Xs=
golang.org/x/crypto v0.35.0/go.mod h1:dy7dXNW32cAb/6/PRuTNsix8T+vJAqvuIy5Bli/x0YQ=
golang.org/x/crypto v0.50.0 h1:zO47/JPrL6vsNkINmLoo/PH1gcxpls50DNogFvB5ZGI=
golang.org/x/crypto v0.50.0/go.mod h1:3muZ7vA7PBCE6xgPX7nkzzjiUq87kRItoJQM1Yo8S+Q=
